{
    "_meta": {
        "hash": {
            "sha256": "dcc4915e5a1d89aa0c193d2aac2f5d7ecadb76836093b0118b0bd3f2048bfca4"
        },
        "pipfile-spec": 6,
        "requires": {
            "python_full_version": "3.10.12",
            "python_version": "3.10"
        },
        "sources": [
            {
                "name": "pypi",
                "url": "https://pypi.org/simple",
                "verify_ssl": true
            }
        ]
    },
    "default": {
        "attrs": {
            "hashes": [
                "sha256:1f28b4522cdc2fb4256ac1a020c78acf9cba2c6b461ccd2c126f3aa8e8335d04",
                "sha256:6279836d581513a26f1bf235f9acd333bc9115683f14f7e8fae46c98fc50e015"
            ],
            "markers": "python_version >= '3.7'",
            "version": "==23.1.0"
        },
        "certifi": {
            "hashes": [
                "sha256:9b469f3a900bf28dc19b8cfbf8019bf47f7fdd1a65a1d4ffb98fc14166beb4d1",
                "sha256:e036ab49d5b79556f99cfc2d9320b34cfbe5be05c5871b51de9329f0603b0474"
            ],
            "markers": "python_version >= '3.6'",
            "version": "==2023.11.17"
        },
        "charset-normalizer": {
            "hashes": [
                "sha256:06435b539f889b1f6f4ac1758871aae42dc3a8c0e24ac9e60c2384973ad73027",
                "sha256:06a81e93cd441c56a9b65d8e1d043daeb97a3d0856d177d5c90ba85acb3db087",
                "sha256:0a55554a2fa0d408816b3b5cedf0045f4b8e1a6065aec45849de2d6f3f8e9786",
                "sha256:0b2b64d2bb6d3fb9112bafa732def486049e63de9618b5843bcdd081d8144cd8",
                "sha256:10955842570876604d404661fbccbc9c7e684caf432c09c715ec38fbae45ae09",
                "sha256:122c7fa62b130ed55f8f285bfd56d5f4b4a5b503609d181f9ad85e55c89f4185",
                "sha256:1ceae2f17a9c33cb48e3263960dc5fc8005351ee19db217e9b1bb15d28c02574",
                "sha256:1d3193f4a680c64b4b6a9115943538edb896edc190f0b222e73761716519268e",
                "sha256:1f79682fbe303db92bc2b1136016a38a42e835d932bab5b3b1bfcfbf0640e519",
                "sha256:2127566c664442652f024c837091890cb1942c30937add288223dc895793f898",
                "sha256:22afcb9f253dac0696b5a4be4a1c0f8762f8239e21b99680099abd9b2b1b2269",
                "sha256:25baf083bf6f6b341f4121c2f3c548875ee6f5339300e08be3f2b2ba1721cdd3",
                "sha256:2e81c7b9c8979ce92ed306c249d46894776a909505d8f5a4ba55b14206e3222f",
                "sha256:3287761bc4ee9e33561a7e058c72ac0938c4f57fe49a09eae428fd88aafe7bb6",
                "sha256:34d1c8da1e78d2e001f363791c98a272bb734000fcef47a491c1e3b0505657a8",
                "sha256:37e55c8e51c236f95b033f6fb391d7d7970ba5fe7ff453dad675e88cf303377a",
                "sha256:3d47fa203a7bd9c5b6cee4736ee84ca03b8ef23193c0d1ca99b5089f72645c73",
                "sha256:3e4d1f6587322d2788836a99c69062fbb091331ec940e02d12d179c1d53e25fc",
                "sha256:42cb296636fcc8b0644486d15c12376cb9fa75443e00fb25de0b8602e64c1714",
                "sha256:45485e01ff4d3630ec0d9617310448a8702f70e9c01906b0d0118bdf9d124cf2",
                "sha256:4a78b2b446bd7c934f5dcedc588903fb2f5eec172f3d29e52a9096a43722adfc",
                "sha256:4ab2fe47fae9e0f9dee8c04187ce5d09f48eabe611be8259444906793ab7cbce",
                "sha256:4d0d1650369165a14e14e1e47b372cfcb31d6ab44e6e33cb2d4e57265290044d",
                "sha256:549a3a73da901d5bc3ce8d24e0600d1fa85524c10287f6004fbab87672bf3e1e",
                "sha256:55086ee1064215781fff39a1af09518bc9255b50d6333f2e4c74ca09fac6a8f6",
                "sha256:572c3763a264ba47b3cf708a44ce965d98555f618ca42c926a9c1616d8f34269",
                "sha256:573f6eac48f4769d667c4442081b1794f52919e7edada77495aaed9236d13a96",
                "sha256:5b4c145409bef602a690e7cfad0a15a55c13320ff7a3ad7ca59c13bb8ba4d45d",
                "sha256:6463effa3186ea09411d50efc7d85360b38d5f09b870c48e4600f63af490e56a",
                "sha256:65f6f63034100ead094b8744b3b97965785388f308a64cf8d7c34f2f2e5be0c4",
                "sha256:663946639d296df6a2bb2aa51b60a2454ca1cb29835324c640dafb5ff2131a77",
                "sha256:6897af51655e3691ff853668779c7bad41579facacf5fd7253b0133308cf000d",
                "sha256:68d1f8a9e9e37c1223b656399be5d6b448dea850bed7d0f87a8311f1ff3dabb0",
                "sha256:6ac7ffc7ad6d040517be39eb591cac5ff87416c2537df6ba3cba3bae290c0fed",
                "sha256:6b3251890fff30ee142c44144871185dbe13b11bab478a88887a639655be1068",
                "sha256:6c4caeef8fa63d06bd437cd4bdcf3ffefe6738fb1b25951440d80dc7df8c03ac",
                "sha256:6ef1d82a3af9d3eecdba2321dc1b3c238245d890843e040e41e470ffa64c3e25",
                "sha256:753f10e867343b4511128c6ed8c82f7bec3bd026875576dfd88483c5c73b2fd8",
                "sha256:7cd13a2e3ddeed6913a65e66e94b51d80a041145a026c27e6bb76c31a853c6ab",
                "sha256:7ed9e526742851e8d5cc9e6cf41427dfc6068d4f5a3bb03659444b4cabf6bc26",
                "sha256:7f04c839ed0b6b98b1a7501a002144b76c18fb1c1850c8b98d458ac269e26ed2",
                "sha256:802fe99cca7457642125a8a88a084cef28ff0cf9407060f7b93dca5aa25480db",
                "sha256:80402cd6ee291dcb72644d6eac93785fe2c8b9cb30893c1af5b8fdd753b9d40f",
                "sha256:8465322196c8b4d7ab6d1e049e4c5cb460d0394da4a27d23cc242fbf0034b6b5",
                "sha256:86216b5cee4b06df986d214f664305142d9c76df9b6512be2738aa72a2048f99",
                "sha256:87d1351268731db79e0f8e745d92493ee2841c974128ef629dc518b937d9194c",
                "sha256:8bdb58ff7ba23002a4c5808d608e4e6c687175724f54a5dade5fa8c67b604e4d",
                "sha256:8c622a5fe39a48f78944a87d4fb8a53ee07344641b0562c540d840748571b811",
                "sha256:8d756e44e94489e49571086ef83b2bb8ce311e730092d2c34ca8f7d925cb20aa",
                "sha256:8f4a014bc36d3c57402e2977dada34f9c12300af536839dc38c0beab8878f38a",
                "sha256:9063e24fdb1e498ab71cb7419e24622516c4a04476b17a2dab57e8baa30d6e03",
                "sha256:90d558489962fd4918143277a773316e56c72da56ec7aa3dc3dbbe20fdfed15b",
                "sha256:923c0c831b7cfcb071580d3f46c4baf50f174be571576556269530f4bbd79d04",
                "sha256:95f2a5796329323b8f0512e09dbb7a1860c46a39da62ecb2324f116fa8fdc85c",
                "sha256:96b02a3dc4381e5494fad39be677abcb5e6634bf7b4fa83a6dd3112607547001",
                "sha256:9f96df6923e21816da7e0ad3fd47dd8f94b2a5ce594e00677c0013018b813458",
                "sha256:a10af20b82360ab00827f916a6058451b723b4e65030c5a18577c8b2de5b3389",
                "sha256:a50aebfa173e157099939b17f18600f72f84eed3049e743b68ad15bd69b6bf99",
                "sha256:a981a536974bbc7a512cf44ed14938cf01030a99e9b3a06dd59578882f06f985",
                "sha256:a9a8e9031d613fd2009c182b69c7b2c1ef8239a0efb1df3f7c8da66d5dd3d537",
                "sha256:ae5f4161f18c61806f411a13b0310bea87f987c7d2ecdbdaad0e94eb2e404238",
                "sha256:aed38f6e4fb3f5d6bf81bfa990a07806be9d83cf7bacef998ab1a9bd660a581f",
                "sha256:b01b88d45a6fcb69667cd6d2f7a9aeb4bf53760d7fc536bf679ec94fe9f3ff3d",
                "sha256:b261ccdec7821281dade748d088bb6e9b69e6d15b30652b74cbbac25e280b796",
                "sha256:b2b0a0c0517616b6869869f8c581d4eb2dd83a4d79e0ebcb7d373ef9956aeb0a",
                "sha256:b4a23f61ce87adf89be746c8a8974fe1c823c891d8f86eb218bb957c924bb143",
                "sha256:bd8f7df7d12c2db9fab40bdd87a7c09b1530128315d047a086fa3ae3435cb3a8",
                "sha256:beb58fe5cdb101e3a055192ac291b7a21e3b7ef4f67fa1d74e331a7f2124341c",
                "sha256:c002b4ffc0be611f0d9da932eb0f704fe2602a9a949d1f738e4c34c75b0863d5",
                "sha256:c083af607d2515612056a31f0a8d9e0fcb5876b7bfc0abad3ecd275bc4ebc2d5",
                "sha256:c180f51afb394e165eafe4ac2936a14bee3eb10debc9d9e4db8958fe36afe711",
                "sha256:c235ebd9baae02f1b77bcea61bce332cb4331dc3617d254df3323aa01ab47bd4",
                "sha256:cd70574b12bb8a4d2aaa0094515df2463cb429d8536cfb6c7ce983246983e5a6",
                "sha256:d0eccceffcb53201b5bfebb52600a5fb483a20b61da9dbc885f8b103cbe7598c",
                "sha256:d965bba47ddeec8cd560687584e88cf699fd28f192ceb452d1d7ee807c5597b7",
                "sha256:db364eca23f876da6f9e16c9da0df51aa4f104a972735574842618b8c6d999d4",
                "sha256:ddbb2551d7e0102e7252db79ba445cdab71b26640817ab1e3e3648dad515003b",
                "sha256:deb6be0ac38ece9ba87dea880e438f25ca3eddfac8b002a2ec3d9183a454e8ae",
                "sha256:e06ed3eb3218bc64786f7db41917d4e686cc4856944f53d5bdf83a6884432e12",
                "sha256:e27ad930a842b4c5eb8ac0016b0a54f5aebbe679340c26101df33424142c143c",
                "sha256:e537484df0d8f426ce2afb2d0f8e1c3d0b114b83f8850e5f2fbea0e797bd82ae",
                "sha256:eb00ed941194665c332bf8e078baf037d6c35d7c4f3102ea2d4f16ca94a26dc8",
                "sha256:eb6904c354526e758fda7167b33005998fb68c46fbc10e013ca97f21ca5c8887",
                "sha256:eb8821e09e916165e160797a6c17edda0679379a4be5c716c260e836e122f54b",
                "sha256:efcb3f6676480691518c177e3b465bcddf57cea040302f9f4e6e191af91174d4",
                "sha256:f27273b60488abe721a075bcca6d7f3964f9f6f067c8c4c605743023d7d3944f",
                "sha256:f30c3cb33b24454a82faecaf01b19c18562b1e89558fb6c56de4d9118a032fd5",
                "sha256:fb69256e180cb6c8a894fee62b3afebae785babc1ee98b81cdf68bbca1987f33",
                "sha256:fd1abc0d89e30cc4e02e4064dc67fcc51bd941eb395c502aac3ec19fab46b519",
                "sha256:ff8fa367d09b717b2a17a052544193ad76cd49979c805768879cb63d9ca50561"
            ],
            "markers": "python_full_version >= '3.7.0'",
            "version": "==3.3.2"
        },
        "dotted-dict": {
            "hashes": [
                "sha256:a78600ee63c6473581234249cc56263d472b31e812428e28f2217bbbbfb9df22",
                "sha256:f148a1c15598db8295551ed1555bd35b91dec49359bec7b4657e9b2f35526965"
            ],
            "version": "==1.1.3"
        },
        "dvuploader": {
            "hashes": [
                "sha256:310852dd6080f6f79f567ffc9a325b080d59a040bd1ca151e72e7a64d7bd6b82",
                "sha256:d7dbe49353e26d065a93fd884263d258eead05791a855f7ab4ddb835b9b0842e"
            ],
            "index": "pypi",
            "markers": "python_version >= '3.7' and python_version < '4.0'",
            "version": "==0.1.0"
        },
        "gevent": {
            "hashes": [
                "sha256:272cffdf535978d59c38ed837916dfd2b5d193be1e9e5dcc60a5f4d5025dd98a",
                "sha256:2c7b5c9912378e5f5ccf180d1fdb1e83f42b71823483066eddbe10ef1a2fcaa2",
                "sha256:36a549d632c14684bcbbd3014a6ce2666c5f2a500f34d58d32df6c9ea38b6535",
                "sha256:4368f341a5f51611411ec3fc62426f52ac3d6d42eaee9ed0f9eebe715c80184e",
                "sha256:43daf68496c03a35287b8b617f9f91e0e7c0d042aebcc060cadc3f049aadd653",
                "sha256:455e5ee8103f722b503fa45dedb04f3ffdec978c1524647f8ba72b4f08490af1",
                "sha256:45792c45d60f6ce3d19651d7fde0bc13e01b56bb4db60d3f32ab7d9ec467374c",
                "sha256:4e24c2af9638d6c989caffc691a039d7c7022a31c0363da367c0d32ceb4a0648",
                "sha256:52b4abf28e837f1865a9bdeef58ff6afd07d1d888b70b6804557e7908032e599",
                "sha256:52e9f12cd1cda96603ce6b113d934f1aafb873e2c13182cf8e86d2c5c41982ea",
                "sha256:5f3c781c84794926d853d6fb58554dc0dcc800ba25c41d42f6959c344b4db5a6",
                "sha256:62d121344f7465e3739989ad6b91f53a6ca9110518231553fe5846dbe1b4518f",
                "sha256:65883ac026731ac112184680d1f0f1e39fa6f4389fd1fc0bf46cc1388e2599f9",
                "sha256:707904027d7130ff3e59ea387dddceedb133cc742b00b3ffe696d567147a9c9e",
                "sha256:72c002235390d46f94938a96920d8856d4ffd9ddf62a303a0d7c118894097e34",
                "sha256:7532c17bc6c1cbac265e751b95000961715adef35a25d2b0b1813aa7263fb397",
                "sha256:78eebaf5e73ff91d34df48f4e35581ab4c84e22dd5338ef32714264063c57507",
                "sha256:7c1abc6f25f475adc33e5fc2dbcc26a732608ac5375d0d306228738a9ae14d3b",
                "sha256:7c28e38dcde327c217fdafb9d5d17d3e772f636f35df15ffae2d933a5587addd",
                "sha256:7ccf0fd378257cb77d91c116e15c99e533374a8153632c48a3ecae7f7f4f09fe",
                "sha256:921dda1c0b84e3d3b1778efa362d61ed29e2b215b90f81d498eb4d8eafcd0b7a",
                "sha256:a2898b7048771917d85a1d548fd378e8a7b2ca963db8e17c6d90c76b495e0e2b",
                "sha256:a3c5e9b1f766a7a64833334a18539a362fb563f6c4682f9634dea72cbe24f771",
                "sha256:ada07076b380918829250201df1d016bdafb3acf352f35e5693b59dceee8dd2e",
                "sha256:b101086f109168b23fa3586fccd1133494bdb97f86920a24dc0b23984dc30b69",
                "sha256:bf456bd6b992eb0e1e869e2fd0caf817f0253e55ca7977fd0e72d0336a8c1c6a",
                "sha256:bf7af500da05363e66f122896012acb6e101a552682f2352b618e541c941a011",
                "sha256:c3e5d2fa532e4d3450595244de8ccf51f5721a05088813c1abd93ad274fe15e7",
                "sha256:c84d34256c243b0a53d4335ef0bc76c735873986d478c53073861a92566a8d71",
                "sha256:d163d59f1be5a4c4efcdd13c2177baaf24aadf721fdf2e1af9ee54a998d160f5",
                "sha256:d57737860bfc332b9b5aa438963986afe90f49645f6e053140cfa0fa1bdae1ae",
                "sha256:dbb22a9bbd6a13e925815ce70b940d1578dbe5d4013f20d23e8a11eddf8d14a7",
                "sha256:dcb8612787a7f4626aa881ff15ff25439561a429f5b303048f0fca8a1c781c39",
                "sha256:dd6c32ab977ecf7c7b8c2611ed95fa4aaebd69b74bf08f4b4960ad516861517d",
                "sha256:de350fde10efa87ea60d742901e1053eb2127ebd8b59a7d3b90597eb4e586599",
                "sha256:e1ead6863e596a8cc2a03e26a7a0981f84b6b3e956101135ff6d02df4d9a6b07",
                "sha256:ed7a048d3e526a5c1d55c44cb3bc06cfdc1947d06d45006cc4cf60dedc628904",
                "sha256:f632487c87866094546a74eefbca2c74c1d03638b715b6feb12e80120960185a",
                "sha256:fae8d5b5b8fa2a8f63b39f5447168b02db10c888a3e387ed7af2bd1b8612e543",
                "sha256:fde6402c5432b835fbb7698f1c7f2809c8d6b2bd9d047ac1f5a7c1d5aa569303"
            ],
            "markers": "python_version >= '3.8'",
            "version": "==23.9.1"
        },
        "greenlet": {
            "hashes": [
                "sha256:006c1028ac0cfcc4e772980cfe73f5476041c8c91d15d64f52482fc571149d46",
                "sha256:0acadbc3f72cb0ee85070e8d36bd2a4673d2abd10731ee73c10222cf2dd4713c",
                "sha256:0c0fdb8142742ee68e97c106eb81e7d3e883cc739d9c5f2b28bc38a7bafeb6d1",
                "sha256:0df7eed98ea23b20e9db64d46eb05671ba33147df9405330695bcd81a73bb0c9",
                "sha256:10d247260db20887ae8857c0cbc750b9170f0b067dd7d38fb68a3f2334393bd3",
                "sha256:14b5d999aefe9ffd2049ad19079f733c3aaa426190ffecadb1d5feacef8fe397",
                "sha256:18fe39d70d482b22f0014e84947c5aaa7211fb8e13dc4cc1c43ed2aa1db06d9a",
                "sha256:1c1129bc47266d83444c85a8e990ae22688cf05fb20d7951fd2866007c2ba9bc",
                "sha256:1dac09e3c0b78265d2e6d3cbac2d7c48bd1aa4b04a8ffeda3adde9f1688df2c3",
                "sha256:2c93cd03acb1499ee4de675e1a4ed8eaaa7227f7949dc55b37182047b006a7aa",
                "sha256:2e9c5423046eec21f6651268cb674dfba97280701e04ef23d312776377313206",
                "sha256:2ee59c4627c8c4bb3e15949fbcd499abd6b7f4ad9e0bfcb62c65c5e2cabe0ec4",
                "sha256:339c0272a62fac7e602e4e6ec32a64ff9abadc638b72f17f6713556ed011d493",
                "sha256:38878744926cec29b5cc3654ef47f3003f14bfbba7230e3c8492393fe29cc28b",
                "sha256:3e4bfa752b3688d74ab1186e2159779ff4867644d2b1ebf16db14281f0445377",
                "sha256:520fcb53a39ef90f5021c77606952dbbc1da75d77114d69b8d7bded4a8e1a813",
                "sha256:5f9ea7c2c9795549653b6f7569f6bc75d2c7d1f6b2854eb8ce0bc6ec3cb2dd88",
                "sha256:654b84c9527182036747938b81938f1d03fb8321377510bc1854a9370418ab66",
                "sha256:6d65bec56a7bc352bcf11b275b838df618651109074d455a772d3afe25390b7d",
                "sha256:7363756cc439a503505b67983237d1cc19139b66488263eb19f5719a32597836",
                "sha256:80d068e4b6e2499847d916ef64176811ead6bf210a610859220d537d935ec6fd",
                "sha256:8756a94ed8f293450b0e91119eca2a36332deba69feb2f9ca410d35e74eae1e4",
                "sha256:89a6f6ddcbef4000cda7e205c4c20d319488ff03db961d72d4e73519d2465309",
                "sha256:8f34a765c5170c0673eb747213a0275ecc749ab3652bdbec324621ed5b2edaef",
                "sha256:8f8d14a0a4e8c670fbce633d8b9a1ee175673a695475acd838e372966845f764",
                "sha256:950e21562818f9c771989b5b65f990e76f4ac27af66e1bb34634ae67886ede2a",
                "sha256:9560c580c896030ff9c311c603aaf2282234643c90d1dec738a1d93e3e53cd51",
                "sha256:9acd8fd67c248b8537953cb3af8787c18a87c33d4dcf6830e410ee1f95a63fd4",
                "sha256:a37ae53cca36823597fd5f65341b6f7bac2dd69ecd6ca01334bb795460ab150b",
                "sha256:aecea0442975741e7d69daff9b13c83caff8c13eeb17485afa65f6360a045765",
                "sha256:b1405614692ac986490d10d3e1a05e9734f473750d4bee3cf7d1286ef7af7da6",
                "sha256:b1fd25dfc5879a82103b3d9e43fa952e3026c221996ff4d32a9c72052544835d",
                "sha256:b2cedf279ca38ef3f4ed0d013a6a84a7fc3d9495a716b84a5fc5ff448965f251",
                "sha256:b3f0497db77cfd034f829678b28267eeeeaf2fc21b3f5041600f7617139e6773",
                "sha256:bfcecc984d60b20ffe30173b03bfe9ba6cb671b0be1e95c3e2056d4fe7006590",
                "sha256:c1f647fe5b94b51488b314c82fdda10a8756d650cee8d3cd29f657c6031bdf73",
                "sha256:c235131bf59d2546bb3ebaa8d436126267392f2e51b85ff45ac60f3a26549af0",
                "sha256:c27b142a9080bdd5869a2fa7ebf407b3c0b24bd812db925de90e9afe3c417fd6",
                "sha256:c42bb589e6e9f9d8bdd79f02f044dff020d30c1afa6e84c0b56d1ce8a324553c",
                "sha256:cd5bc4fde0842ff2b9cf33382ad0b4db91c2582db836793d58d174c569637144",
                "sha256:cecfdc950dd25f25d6582952e58521bca749cf3eeb7a9bad69237024308c8196",
                "sha256:d1fceb5351ab1601903e714c3028b37f6ea722be6873f46e349a960156c05650",
                "sha256:d4d0df07a38e41a10dfb62c6fc75ede196572b580f48ee49b9282c65639f3965",
                "sha256:d5547b462b8099b84746461e882a3eb8a6e3f80be46cb6afb8524eeb191d1a30",
                "sha256:d64643317e76b4b41fdba659e7eca29634e5739b8bc394eda3a9127f697ed4b0",
                "sha256:db4233358d3438369051a2f290f1311a360d25c49f255a6c5d10b5bcb3aa2b49",
                "sha256:e0e28f5233d64c693382f66d47c362b72089ebf8ac77df7e12ac705c9fa1163d",
                "sha256:e79fb5a9fb2d0bd3b6573784f5e5adabc0b0566ad3180a028af99523ce8f6138",
                "sha256:e84bef3cfb6b6bfe258c98c519811c240dbc5b33a523a14933a252e486797c90",
                "sha256:ed1a8a08de7f68506a38f9a2ddb26bbd1480689e66d788fcd4b5f77e2d9ecfcc",
                "sha256:ed9bf77b41798e8417657245b9f3649314218a4a17aefb02bb3992862df32495",
                "sha256:edf7a1daba1f7c54326291a8cde58da86ab115b78c91d502be8744f0aa8e3ffa",
                "sha256:f260e6c2337871a52161824058923df2bbddb38bc11a5cbe71f3474d877c5bd9",
                "sha256:f27aa32466993c92d326df982c4acccd9530fe354e938d9e9deada563e71ce76",
                "sha256:f4cf532bf3c58a862196b06947b1b5cc55503884f9b63bf18582a75228d9950e",
                "sha256:fb5d60805057d8948065338be6320d35e26b0a72f45db392eb32b70dd6dc9227",
                "sha256:fc14dd9554f88c9c1fe04771589ae24db76cd56c8f1104e4381b383d6b71aff8",
                "sha256:fefd5eb2c0b1adffdf2802ff7df45bfe65988b15f6b972706a0e55d451bffaea"
            ],
            "markers": "python_version < '3.11' and platform_python_implementation == 'CPython'",
            "version": "==3.0.2"
        },
        "grequests": {
            "hashes": [
                "sha256:4733edfcece027de25ae8eff86a87f563d7e829fdacbf3ce8b3aeea507694287",
                "sha256:5c33f14268df5b8fa1107d8537815be6febbad6ec560524d6a404b7778cf6ba6"
            ],
            "version": "==0.7.0"
        },
        "idna": {
            "hashes": [
                "sha256:9ecdbbd083b06798ae1e86adcbfe8ab1479cf864e4ee30fe4e46a003d12491ca",
                "sha256:c05567e9c24a6b9faaa835c4821bad0590fbb9d5779e7caa6e1cc4978e7eb24f"
            ],
            "markers": "python_version >= '3.5'",
            "version": "==3.6"
        },
        "joblib": {
            "hashes": [
                "sha256:92f865e621e17784e7955080b6d042489e3b8e294949cc44c6eac304f59772b1",
                "sha256:ef4331c65f239985f3f2220ecc87db222f08fd22097a3dd5698f693875f8cbb9"
            ],
            "markers": "python_version >= '3.7'",
            "version": "==1.3.2"
        },
        "jsonschema": {
            "hashes": [
                "sha256:4f614fd46d8d61258610998997743ec5492a648b33cf478c1ddc23ed4598a5fa",
                "sha256:ed6231f0429ecf966f5bc8dfef245998220549cbbcf140f913b7464c52c3b6b3"
            ],
            "markers": "python_version >= '3.8'",
            "version": "==4.20.0"
        },
        "jsonschema-specifications": {
            "hashes": [
                "sha256:9472fc4fea474cd74bea4a2b190daeccb5a9e4db2ea80efcf7a1b582fc9a81b8",
                "sha256:e74ba7c0a65e8cb49dc26837d6cfe576557084a8b423ed16a420984228104f93"
            ],
            "markers": "python_version >= '3.8'",
            "version": "==2023.11.2"
        },
        "pydantic": {
            "hashes": [
                "sha256:026427be4e251f876e7519a63af37ae5ebb8b593ca8b02180bdc6becd1ea4ef4",
                "sha256:134b4fd805737496ce4efd24ce2f8da0e08c66dcfc054fee1a19673eec780f2c",
                "sha256:158f1479367da20914961b5406ac3b29dfe1d858ae2af96c444f73543defcf0c",
                "sha256:172aaeeaff8fc3ac326fb8a2934a063ca0938586c5fe8848285052de83a240f7",
                "sha256:1856bc6640aced42886f7ee48f5ed1fa5adf35e34064b5f9532b52d5a3b8a0d3",
                "sha256:1b5212604aaf5954e9a7cea8f0c60d6dbef996aa7b41edefd329e6b5011ce8cf",
                "sha256:1f99b4de6936a0f9fe255d1c7fdc447700ddd027c9ad38a612d453ed5fc7d6d0",
                "sha256:22206c152f9b86c0ee169928f9c24e1c0c566edb2462600b298ccb04860961aa",
                "sha256:231b19c010288bfbfdcd3f79df38b5ff893c6547cd8c7d006203435790b22815",
                "sha256:39212b3853eea165a3cda11075d5b7d09d4291fcbc3c0ecefd23797ee21b29e9",
                "sha256:3a3a60fcb5ce08cab593b7978d02db67b8d153e9d582adab7c0b69d7200d78be",
                "sha256:45a6d0a9fdaad2a27ea69aec4659705ed8f60a5664e892c73e2b977d8f5166cc",
                "sha256:4af55f33ae5be6cccecd4fa462630daffef1f161f60c3f194b24eca705d50748",
                "sha256:4d2b9258f5bd2d129bd4cf2d31f9d40094b9ed6ef64896e2f7a70729b2d599ea",
                "sha256:645b83297a9428a675c98c1f69a7237a381900e34f23245c0ea73d74e454bf68",
                "sha256:652727f9e1d3ae30bd8a4dfbebcafd50df45277b97f3deabbbfedcf731f94aa5",
                "sha256:7e34e46dd08dafd4c75b8378efe3eae7d8e5212950fcd894d86c1df2dcfb80fe",
                "sha256:8e796f915762dec4678fafc89b1f0441ab9209517a8a682ddb3f988f7ffe0827",
                "sha256:9500586151cd56a20bacb8f1082df1b4489000120d1c7ddc44c8b20870e8adbd",
                "sha256:95ab3f31f35dc4f8fc85b04d13569e5fdc9de2d3050ae64c1fdc3430dfe7d92d",
                "sha256:a0ba8710bfdaddb7424c05ad2dc1da04796003751eac6ad30c218ac1d68a174e",
                "sha256:a1192c17667d21652ab93b5eecd1a776cd0a4e384ea8c331bb830c9d130293af",
                "sha256:af669da39ede365069dbc5de56564b011e3353f801acdbdd7145002a78abc3d9",
                "sha256:b3e3aed33fbd9518cf508d5415a58af683743d53dc5e58953973d73605774f34",
                "sha256:b549eebe8de4e50fc3b4f8c1f9cc2f731d91787fc3f7d031561668377b8679bc",
                "sha256:c4c76af6ad47bc46cf16bd0e4a5e536a7a2bec0dec14ea08b712daa6645bf293",
                "sha256:d1dffae1f219d06a997ec78d1d2daafdbfecf243ad8eb36bfbcbc73e30e17385",
                "sha256:d484fbbe6267b6c936a6d005d5170ab553f3f4367348c7e88d3e17f0a7179981",
                "sha256:d73ae7e210929a1b7d288034835dd787e5b0597192d58ab7342bacbeec0f33df",
                "sha256:d8e5c5a50821c55b76dcf422610225cb7e44685cdd81832d0d504fa8c9343f35",
                "sha256:d8ef840ef803ef17a7bd52480eb85faca0eed728d70233fd560f7d1066330247",
                "sha256:e03402b0a6b23a2d0b9ee31e45d80612c95562b5af8b5c900171b9d9015ddc5f",
                "sha256:e13788fcad1baf5eb3236856b2a9a74f7dac6b3ea7ca1f60a4ad8bad4239cf4c",
                "sha256:e290915a0ed53d3c59d6071fc7d2c843ed04c33affcd752dd1f3daa859b44a76",
                "sha256:ed4e5c18cac70fadd4cf339f444c4f1795f0876dfd5b70cf0a841890b52f0001",
                "sha256:f0985ba95af937389c9ce8d747138417303569cb736bd12469646ef53cd66e1c"
            ],
            "markers": "python_version >= '3.7'",
            "version": "==1.10.0"
        },
        "pydataverse": {
            "hashes": [
                "sha256:1b8b8a0ec662d483eb5d948007cbeab6eb9b75dfb5aa3af88cc9b3abe9d938c9",
                "sha256:c1c3d649704f66493676cfb1858f3b922620a9d06609d039cead9868721b20be"
            ],
            "index": "pypi",
            "markers": "python_version >= '3.6'",
            "version": "==0.3.1"
        },
        "referencing": {
            "hashes": [
                "sha256:689e64fe121843dcfd57b71933318ef1f91188ffb45367332700a86ac8fd6161",
                "sha256:bdcd3efb936f82ff86f993093f6da7435c7de69a3b3a5a06678a6050184bee99"
            ],
            "markers": "python_version >= '3.8'",
            "version": "==0.32.0"
        },
        "requests": {
            "hashes": [
                "sha256:58cd2187c01e70e6e26505bca751777aa9f2ee0b7f4300988b709f44e013003f",
                "sha256:942c5a758f98d790eaed1a29cb6eefc7ffb0d1cf7af05c3d2791656dbd6ad1e1"
            ],
            "markers": "python_version >= '3.7'",
            "version": "==2.31.0"
        },
        "rpds-py": {
            "hashes": [
                "sha256:06d218e4464d31301e943b65b2c6919318ea6f69703a351961e1baaf60347276",
                "sha256:12ecf89bd54734c3c2c79898ae2021dca42750c7bcfb67f8fb3315453738ac8f",
                "sha256:15253fff410873ebf3cfba1cc686a37711efcd9b8cb30ea21bb14a973e393f60",
                "sha256:188435794405c7f0573311747c85a96b63c954a5f2111b1df8018979eca0f2f0",
                "sha256:1ceebd0ae4f3e9b2b6b553b51971921853ae4eebf3f54086be0565d59291e53d",
                "sha256:244e173bb6d8f3b2f0c4d7370a1aa341f35da3e57ffd1798e5b2917b91731fd3",
                "sha256:25b28b3d33ec0a78e944aaaed7e5e2a94ac811bcd68b557ca48a0c30f87497d2",
                "sha256:25ea41635d22b2eb6326f58e608550e55d01df51b8a580ea7e75396bafbb28e9",
                "sha256:29d311e44dd16d2434d5506d57ef4d7036544fc3c25c14b6992ef41f541b10fb",
                "sha256:2a1472956c5bcc49fb0252b965239bffe801acc9394f8b7c1014ae9258e4572b",
                "sha256:2a7bef6977043673750a88da064fd513f89505111014b4e00fbdd13329cd4e9a",
                "sha256:2ac26f50736324beb0282c819668328d53fc38543fa61eeea2c32ea8ea6eab8d",
                "sha256:2e72f750048b32d39e87fc85c225c50b2a6715034848dbb196bf3348aa761fa1",
                "sha256:31e220a040b89a01505128c2f8a59ee74732f666439a03e65ccbf3824cdddae7",
                "sha256:35f53c76a712e323c779ca39b9a81b13f219a8e3bc15f106ed1e1462d56fcfe9",
                "sha256:38d4f822ee2f338febcc85aaa2547eb5ba31ba6ff68d10b8ec988929d23bb6b4",
                "sha256:38f9bf2ad754b4a45b8210a6c732fe876b8a14e14d5992a8c4b7c1ef78740f53",
                "sha256:3a44c8440183b43167fd1a0819e8356692bf5db1ad14ce140dbd40a1485f2dea",
                "sha256:3ab96754d23372009638a402a1ed12a27711598dd49d8316a22597141962fe66",
                "sha256:3c55d7f2d817183d43220738270efd3ce4e7a7b7cbdaefa6d551ed3d6ed89190",
                "sha256:46e1ed994a0920f350a4547a38471217eb86f57377e9314fbaaa329b71b7dfe3",
                "sha256:4a5375c5fff13f209527cd886dc75394f040c7d1ecad0a2cb0627f13ebe78a12",
                "sha256:4c2d26aa03d877c9730bf005621c92da263523a1e99247590abbbe252ccb7824",
                "sha256:4c4e314d36d4f31236a545696a480aa04ea170a0b021e9a59ab1ed94d4c3ef27",
                "sha256:4d0c10d803549427f427085ed7aebc39832f6e818a011dcd8785e9c6a1ba9b3e",
                "sha256:4dcc5ee1d0275cb78d443fdebd0241e58772a354a6d518b1d7af1580bbd2c4e8",
                "sha256:51967a67ea0d7b9b5cd86036878e2d82c0b6183616961c26d825b8c994d4f2c8",
                "sha256:530190eb0cd778363bbb7596612ded0bb9fef662daa98e9d92a0419ab27ae914",
                "sha256:5379e49d7e80dca9811b36894493d1c1ecb4c57de05c36f5d0dd09982af20211",
                "sha256:5493569f861fb7b05af6d048d00d773c6162415ae521b7010197c98810a14cab",
                "sha256:5a4c1058cdae6237d97af272b326e5f78ee7ee3bbffa6b24b09db4d828810468",
                "sha256:5d75d6d220d55cdced2f32cc22f599475dbe881229aeddba6c79c2e9df35a2b3",
                "sha256:5d97e9ae94fb96df1ee3cb09ca376c34e8a122f36927230f4c8a97f469994bff",
                "sha256:5feae2f9aa7270e2c071f488fab256d768e88e01b958f123a690f1cc3061a09c",
                "sha256:603d5868f7419081d616dab7ac3cfa285296735e7350f7b1e4f548f6f953ee7d",
                "sha256:61d42d2b08430854485135504f672c14d4fc644dd243a9c17e7c4e0faf5ed07e",
                "sha256:61dbc1e01dc0c5875da2f7ae36d6e918dc1b8d2ce04e871793976594aad8a57a",
                "sha256:65cfed9c807c27dee76407e8bb29e6f4e391e436774bcc769a037ff25ad8646e",
                "sha256:67a429520e97621a763cf9b3ba27574779c4e96e49a27ff8a1aa99ee70beb28a",
                "sha256:6aadae3042f8e6db3376d9e91f194c606c9a45273c170621d46128f35aef7cd0",
                "sha256:6ba8858933f0c1a979781272a5f65646fca8c18c93c99c6ddb5513ad96fa54b1",
                "sha256:6bc568b05e02cd612be53900c88aaa55012e744930ba2eeb56279db4c6676eb3",
                "sha256:729408136ef8d45a28ee9a7411917c9e3459cf266c7e23c2f7d4bb8ef9e0da42",
                "sha256:751758d9dd04d548ec679224cc00e3591f5ebf1ff159ed0d4aba6a0746352452",
                "sha256:76d59d4d451ba77f08cb4cd9268dec07be5bc65f73666302dbb5061989b17198",
                "sha256:79bf58c08f0756adba691d480b5a20e4ad23f33e1ae121584cf3a21717c36dfa",
                "sha256:7de12b69d95072394998c622cfd7e8cea8f560db5fca6a62a148f902a1029f8b",
                "sha256:7f55cd9cf1564b7b03f238e4c017ca4794c05b01a783e9291065cb2858d86ce4",
                "sha256:80e5acb81cb49fd9f2d5c08f8b74ffff14ee73b10ca88297ab4619e946bcb1e1",
                "sha256:87a90f5545fd61f6964e65eebde4dc3fa8660bb7d87adb01d4cf17e0a2b484ad",
                "sha256:881df98f0a8404d32b6de0fd33e91c1b90ed1516a80d4d6dc69d414b8850474c",
                "sha256:8a776a29b77fe0cc28fedfd87277b0d0f7aa930174b7e504d764e0b43a05f381",
                "sha256:8c2a61c0e4811012b0ba9f6cdcb4437865df5d29eab5d6018ba13cee1c3064a0",
                "sha256:8fa6bd071ec6d90f6e7baa66ae25820d57a8ab1b0a3c6d3edf1834d4b26fafa2",
                "sha256:96f2975fb14f39c5fe75203f33dd3010fe37d1c4e33177feef1107b5ced750e3",
                "sha256:96fb0899bb2ab353f42e5374c8f0789f54e0a94ef2f02b9ac7149c56622eaf31",
                "sha256:97163a1ab265a1073a6372eca9f4eeb9f8c6327457a0b22ddfc4a17dcd613e74",
                "sha256:9c95a1a290f9acf7a8f2ebbdd183e99215d491beea52d61aa2a7a7d2c618ddc6",
                "sha256:9d94d78418203904730585efa71002286ac4c8ac0689d0eb61e3c465f9e608ff",
                "sha256:a6ba2cb7d676e9415b9e9ac7e2aae401dc1b1e666943d1f7bc66223d3d73467b",
                "sha256:aa0379c1935c44053c98826bc99ac95f3a5355675a297ac9ce0dfad0ce2d50ca",
                "sha256:ac96d67b37f28e4b6ecf507c3405f52a40658c0a806dffde624a8fcb0314d5fd",
                "sha256:ade2ccb937060c299ab0dfb2dea3d2ddf7e098ed63ee3d651ebfc2c8d1e8632a",
                "sha256:aefbdc934115d2f9278f153952003ac52cd2650e7313750390b334518c589568",
                "sha256:b07501b720cf060c5856f7b5626e75b8e353b5f98b9b354a21eb4bfa47e421b1",
                "sha256:b5267feb19070bef34b8dea27e2b504ebd9d31748e3ecacb3a4101da6fcb255c",
                "sha256:b5f6328e8e2ae8238fc767703ab7b95785521c42bb2b8790984e3477d7fa71ad",
                "sha256:b8996ffb60c69f677245f5abdbcc623e9442bcc91ed81b6cd6187129ad1fa3e7",
                "sha256:b981a370f8f41c4024c170b42fbe9e691ae2dbc19d1d99151a69e2c84a0d194d",
                "sha256:b9d121be0217787a7d59a5c6195b0842d3f701007333426e5154bf72346aa658",
                "sha256:bcef4f2d3dc603150421de85c916da19471f24d838c3c62a4f04c1eb511642c1",
                "sha256:bed0252c85e21cf73d2d033643c945b460d6a02fc4a7d644e3b2d6f5f2956c64",
                "sha256:bfdfbe6a36bc3059fff845d64c42f2644cf875c65f5005db54f90cdfdf1df815",
                "sha256:c0095b8aa3e432e32d372e9a7737e65b58d5ed23b9620fea7cb81f17672f1fa1",
                "sha256:c1f41d32a2ddc5a94df4b829b395916a4b7f103350fa76ba6de625fcb9e773ac",
                "sha256:c45008ca79bad237cbc03c72bc5205e8c6f66403773929b1b50f7d84ef9e4d07",
                "sha256:c82bbf7e03748417c3a88c1b0b291288ce3e4887a795a3addaa7a1cfd9e7153e",
                "sha256:c918621ee0a3d1fe61c313f2489464f2ae3d13633e60f520a8002a5e910982ee",
                "sha256:d204957169f0b3511fb95395a9da7d4490fb361763a9f8b32b345a7fe119cb45",
                "sha256:d329896c40d9e1e5c7715c98529e4a188a1f2df51212fd65102b32465612b5dc",
                "sha256:d3a61e928feddc458a55110f42f626a2a20bea942ccedb6fb4cee70b4830ed41",
                "sha256:d48db29bd47814671afdd76c7652aefacc25cf96aad6daefa82d738ee87461e2",
                "sha256:d5593855b5b2b73dd8413c3fdfa5d95b99d657658f947ba2c4318591e745d083",
                "sha256:d79c159adea0f1f4617f54aa156568ac69968f9ef4d1e5fefffc0a180830308e",
                "sha256:db09b98c7540df69d4b47218da3fbd7cb466db0fb932e971c321f1c76f155266",
                "sha256:ddf23960cb42b69bce13045d5bc66f18c7d53774c66c13f24cf1b9c144ba3141",
                "sha256:e06cfea0ece444571d24c18ed465bc93afb8c8d8d74422eb7026662f3d3f779b",
                "sha256:e7c564c58cf8f248fe859a4f0fe501b050663f3d7fbc342172f259124fb59933",
                "sha256:e86593bf8637659e6a6ed58854b6c87ec4e9e45ee8a4adfd936831cef55c2d21",
                "sha256:eaffbd8814bb1b5dc3ea156a4c5928081ba50419f9175f4fc95269e040eff8f0",
                "sha256:ee353bb51f648924926ed05e0122b6a0b1ae709396a80eb583449d5d477fcdf7",
                "sha256:ee6faebb265e28920a6f23a7d4c362414b3f4bb30607141d718b991669e49ddc",
                "sha256:efe093acc43e869348f6f2224df7f452eab63a2c60a6c6cd6b50fd35c4e075ba",
                "sha256:f03a1b3a4c03e3e0161642ac5367f08479ab29972ea0ffcd4fa18f729cd2be0a",
                "sha256:f0d320e70b6b2300ff6029e234e79fe44e9dbbfc7b98597ba28e054bd6606a57",
                "sha256:f252dfb4852a527987a9156cbcae3022a30f86c9d26f4f17b8c967d7580d65d2",
                "sha256:f5f4424cb87a20b016bfdc157ff48757b89d2cc426256961643d443c6c277007",
                "sha256:f8eae66a1304de7368932b42d801c67969fd090ddb1a7a24f27b435ed4bed68f",
                "sha256:fdb82eb60d31b0c033a8e8ee9f3fc7dfbaa042211131c29da29aea8531b4f18f"
            ],
            "markers": "python_version >= '3.8'",
            "version": "==0.13.2"
        },
        "setuptools": {
            "hashes": [
                "sha256:1e8fdff6797d3865f37397be788a4e3cba233608e9b509382a2777d25ebde7f2",
                "sha256:735896e78a4742605974de002ac60562d286fa8051a7e2299445e8e8fbb01aa6"
            ],
            "markers": "python_version >= '3.8'",
            "version": "==69.0.2"
        },
        "tqdm": {
            "hashes": [
                "sha256:d302b3c5b53d47bce91fea46679d9c3c6508cf6332229aa1e7d8653723793386",
                "sha256:d88e651f9db8d8551a62556d3cff9e3034274ca5d66e93197cf2490e2dcb69c7"
            ],
            "markers": "python_version >= '3.7'",
            "version": "==4.66.1"
        },
        "typing-extensions": {
            "hashes": [
                "sha256:23478f88c37f27d76ac8aee6c905017a143b0b1b886c3c9f66bc2fd94f9f5783",
                "sha256:af72aea155e91adfc61c3ae9e0e342dbc0cba726d6cba4b6c72c1f34e47291cd"
            ],
            "markers": "python_version >= '3.8'",
            "version": "==4.9.0"
        },
        "urllib3": {
            "hashes": [
                "sha256:55901e917a5896a349ff771be919f8bd99aff50b79fe58fec595eb37bbc56bb3",
                "sha256:df7aa8afb0148fa78488e7899b2c59b5f4ffcfa82e6c54ccb9dd37c1d7b52d54"
            ],
            "markers": "python_version >= '3.8'",
            "version": "==2.1.0"
        },
        "zope.event": {
            "hashes": [
                "sha256:2832e95014f4db26c47a13fdaef84cef2f4df37e66b59d8f1f4a8f319a632c26",
                "sha256:bac440d8d9891b4068e2b5a2c5e2c9765a9df762944bda6955f96bb9b91e67cd"
            ],
            "markers": "python_version >= '3.7'",
            "version": "==5.0"
        },
        "zope.interface": {
            "hashes": [
                "sha256:0c8cf55261e15590065039696607f6c9c1aeda700ceee40c70478552d323b3ff",
                "sha256:13b7d0f2a67eb83c385880489dbb80145e9d344427b4262c49fbf2581677c11c",
                "sha256:1f294a15f7723fc0d3b40701ca9b446133ec713eafc1cc6afa7b3d98666ee1ac",
                "sha256:239a4a08525c080ff833560171d23b249f7f4d17fcbf9316ef4159f44997616f",
                "sha256:2f8d89721834524a813f37fa174bac074ec3d179858e4ad1b7efd4401f8ac45d",
                "sha256:2fdc7ccbd6eb6b7df5353012fbed6c3c5d04ceaca0038f75e601060e95345309",
                "sha256:34c15ca9248f2e095ef2e93af2d633358c5f048c49fbfddf5fdfc47d5e263736",
                "sha256:387545206c56b0315fbadb0431d5129c797f92dc59e276b3ce82db07ac1c6179",
                "sha256:43b576c34ef0c1f5a4981163b551a8781896f2a37f71b8655fd20b5af0386abb",
                "sha256:57d0a8ce40ce440f96a2c77824ee94bf0d0925e6089df7366c2272ccefcb7941",
                "sha256:5a804abc126b33824a44a7aa94f06cd211a18bbf31898ba04bd0924fbe9d282d",
                "sha256:67be3ca75012c6e9b109860820a8b6c9a84bfb036fbd1076246b98e56951ca92",
                "sha256:6af47f10cfc54c2ba2d825220f180cc1e2d4914d783d6fc0cd93d43d7bc1c78b",
                "sha256:6dc998f6de015723196a904045e5a2217f3590b62ea31990672e31fbc5370b41",
                "sha256:70d2cef1bf529bff41559be2de9d44d47b002f65e17f43c73ddefc92f32bf00f",
                "sha256:7ebc4d34e7620c4f0da7bf162c81978fce0ea820e4fa1e8fc40ee763839805f3",
                "sha256:964a7af27379ff4357dad1256d9f215047e70e93009e532d36dcb8909036033d",
                "sha256:97806e9ca3651588c1baaebb8d0c5ee3db95430b612db354c199b57378312ee8",
                "sha256:9b9bc671626281f6045ad61d93a60f52fd5e8209b1610972cf0ef1bbe6d808e3",
                "sha256:9ffdaa5290422ac0f1688cb8adb1b94ca56cee3ad11f29f2ae301df8aecba7d1",
                "sha256:a0da79117952a9a41253696ed3e8b560a425197d4e41634a23b1507efe3273f1",
                "sha256:a41f87bb93b8048fe866fa9e3d0c51e27fe55149035dcf5f43da4b56732c0a40",
                "sha256:aa6fd016e9644406d0a61313e50348c706e911dca29736a3266fc9e28ec4ca6d",
                "sha256:ad54ed57bdfa3254d23ae04a4b1ce405954969c1b0550cc2d1d2990e8b439de1",
                "sha256:b012d023b4fb59183909b45d7f97fb493ef7a46d2838a5e716e3155081894605",
                "sha256:b51b64432eed4c0744241e9ce5c70dcfecac866dff720e746d0a9c82f371dfa7",
                "sha256:bbe81def9cf3e46f16ce01d9bfd8bea595e06505e51b7baf45115c77352675fd",
                "sha256:c9559138690e1bd4ea6cd0954d22d1e9251e8025ce9ede5d0af0ceae4a401e43",
                "sha256:e30506bcb03de8983f78884807e4fd95d8db6e65b69257eea05d13d519b83ac0",
                "sha256:e33e86fd65f369f10608b08729c8f1c92ec7e0e485964670b4d2633a4812d36b",
                "sha256:e441e8b7d587af0414d25e8d05e27040d78581388eed4c54c30c0c91aad3a379",
                "sha256:e8bb9c990ca9027b4214fa543fd4025818dc95f8b7abce79d61dc8a2112b561a",
                "sha256:ef43ee91c193f827e49599e824385ec7c7f3cd152d74cb1dfe02cb135f264d83",
                "sha256:ef467d86d3cfde8b39ea1b35090208b0447caaabd38405420830f7fd85fbdd56",
                "sha256:f89b28772fc2562ed9ad871c865f5320ef761a7fcc188a935e21fe8b31a38ca9",
                "sha256:fddbab55a2473f1d3b8833ec6b7ac31e8211b0aa608df5ab09ce07f3727326de"
            ],
            "markers": "python_version >= '3.7'",
            "version": "==6.1"
        }
    },
    "develop": {}
}
